// !$*UTF8*$!
{
	archiveVersion = 1;
	classes = {
	};
	objectVersion = 56;
	objects = {

/* Begin PBXBuildFile section */
		D2046BFA29A7BCE4000A587F /* ImageView.swift in Sources */ = {isa = PBXBuildFile; fileRef = D2046BF929A7BCE4000A587F /* ImageView.swift */; };
		D2046BFC29A7C038000A587F /* MapView.swift in Sources */ = {isa = PBXBuildFile; fileRef = D2046BFB29A7C038000A587F /* MapView.swift */; };
		D2046BFE29A7C45E000A587F /* MainView.swift in Sources */ = {isa = PBXBuildFile; fileRef = D2046BFD29A7C45E000A587F /* MainView.swift */; };
		D2046C0129A7C8D1000A587F /* Location.swift in Sources */ = {isa = PBXBuildFile; fileRef = D2046C0029A7C8D0000A587F /* Location.swift */; };
		D2046C0429A7C943000A587F /* Programmer.swift in Sources */ = {isa = PBXBuildFile; fileRef = D2046C0329A7C943000A587F /* Programmer.swift */; };
		D2046C0629A7C975000A587F /* RowView.swift in Sources */ = {isa = PBXBuildFile; fileRef = D2046C0529A7C975000A587F /* RowView.swift */; };
		D2046C0829A7CE58000A587F /* ListView.swift in Sources */ = {isa = PBXBuildFile; fileRef = D2046C0729A7CE58000A587F /* ListView.swift */; };
		D2046C0A29A7E50B000A587F /* DetailView.swift in Sources */ = {isa = PBXBuildFile; fileRef = D2046C0929A7E50B000A587F /* DetailView.swift */; };
		D2046C0C29A7EC84000A587F /* NavView.swift in Sources */ = {isa = PBXBuildFile; fileRef = D2046C0B29A7EC84000A587F /* NavView.swift */; };
		D2D89F7F29A5763B00F14191 /* touristicPlacesApp.swift in Sources */ = {isa = PBXBuildFile; fileRef = D2D89F7E29A5763B00F14191 /* touristicPlacesApp.swift */; };
		D2D89F8129A5763B00F14191 /* ContentView.swift in Sources */ = {isa = PBXBuildFile; fileRef = D2D89F8029A5763B00F14191 /* ContentView.swift */; };
		D2D89F8329A5763E00F14191 /* Assets.xcassets in Resources */ = {isa = PBXBuildFile; fileRef = D2D89F8229A5763E00F14191 /* Assets.xcassets */; };
		D2D89F8629A5763E00F14191 /* Preview Assets.xcassets in Resources */ = {isa = PBXBuildFile; fileRef = D2D89F8529A5763E00F14191 /* Preview Assets.xcassets */; };
		D2D89F9029A5763E00F14191 /* touristicPlacesTests.swift in Sources */ = {isa = PBXBuildFile; fileRef = D2D89F8F29A5763E00F14191 /* touristicPlacesTests.swift */; };
		D2D89F9A29A5763E00F14191 /* touristicPlacesUITests.swift in Sources */ = {isa = PBXBuildFile; fileRef = D2D89F9929A5763E00F14191 /* touristicPlacesUITests.swift */; };
		D2D89F9C29A5763E00F14191 /* touristicPlacesUITestsLaunchTests.swift in Sources */ = {isa = PBXBuildFile; fileRef = D2D89F9B29A5763E00F14191 /* touristicPlacesUITestsLaunchTests.swift */; };
/* End PBXBuildFile section */

/* Begin PBXContainerItemProxy section */
		D2D89F8C29A5763E00F14191 /* PBXContainerItemProxy */ = {
			isa = PBXContainerItemProxy;
			containerPortal = D2D89F7329A5763B00F14191 /* Project object */;
			proxyType = 1;
			remoteGlobalIDString = D2D89F7A29A5763B00F14191;
			remoteInfo = test;
		};
		D2D89F9629A5763E00F14191 /* PBXContainerItemProxy */ = {
			isa = PBXContainerItemProxy;
			containerPortal = D2D89F7329A5763B00F14191 /* Project object */;
			proxyType = 1;
			remoteGlobalIDString = D2D89F7A29A5763B00F14191;
			remoteInfo = test;
		};
/* End PBXContainerItemProxy section */

/* Begin PBXFileReference section */
		D2046BF929A7BCE4000A587F /* ImageView.swift */ = {isa = PBXFileReference; lastKnownFileType = sourcecode.swift; path = ImageView.swift; sourceTree = "<group>"; };
		D2046BFB29A7C038000A587F /* MapView.swift */ = {isa = PBXFileReference; lastKnownFileType = sourcecode.swift; path = MapView.swift; sourceTree = "<group>"; };
		D2046BFD29A7C45E000A587F /* MainView.swift */ = {isa = PBXFileReference; lastKnownFileType = sourcecode.swift; path = MainView.swift; sourceTree = "<group>"; };
		D2046C0029A7C8D0000A587F /* Location.swift */ = {isa = PBXFileReference; lastKnownFileType = sourcecode.swift; path = Location.swift; sourceTree = "<group>"; };
		D2046C0329A7C943000A587F /* Programmer.swift */ = {isa = PBXFileReference; lastKnownFileType = sourcecode.swift; path = Programmer.swift; sourceTree = "<group>"; };
		D2046C0529A7C975000A587F /* RowView.swift */ = {isa = PBXFileReference; lastKnownFileType = sourcecode.swift; path = RowView.swift; sourceTree = "<group>"; };
		D2046C0729A7CE58000A587F /* ListView.swift */ = {isa = PBXFileReference; lastKnownFileType = sourcecode.swift; path = ListView.swift; sourceTree = "<group>"; };
		D2046C0929A7E50B000A587F /* DetailView.swift */ = {isa = PBXFileReference; lastKnownFileType = sourcecode.swift; path = DetailView.swift; sourceTree = "<group>"; };
		D2046C0B29A7EC84000A587F /* NavView.swift */ = {isa = PBXFileReference; lastKnownFileType = sourcecode.swift; path = NavView.swift; sourceTree = "<group>"; };
		D2D89F7B29A5763B00F14191 /* TouristicPlaces.app */ = {isa = PBXFileReference; explicitFileType = wrapper.application; includeInIndex = 0; path = TouristicPlaces.app; sourceTree = BUILT_PRODUCTS_DIR; };
		D2D89F7E29A5763B00F14191 /* touristicPlacesApp.swift */ = {isa = PBXFileReference; lastKnownFileType = sourcecode.swift; path = touristicPlacesApp.swift; sourceTree = "<group>"; };
		D2D89F8029A5763B00F14191 /* ContentView.swift */ = {isa = PBXFileReference; lastKnownFileType = sourcecode.swift; path = ContentView.swift; sourceTree = "<group>"; };
		D2D89F8229A5763E00F14191 /* Assets.xcassets */ = {isa = PBXFileReference; lastKnownFileType = folder.assetcatalog; path = Assets.xcassets; sourceTree = "<group>"; };
		D2D89F8529A5763E00F14191 /* Preview Assets.xcassets */ = {isa = PBXFileReference; lastKnownFileType = folder.assetcatalog; path = "Preview Assets.xcassets"; sourceTree = "<group>"; };
		D2D89F8B29A5763E00F14191 /* TouristicPlacesTests.xctest */ = {isa = PBXFileReference; explicitFileType = wrapper.cfbundle; includeInIndex = 0; path = TouristicPlacesTests.xctest; sourceTree = BUILT_PRODUCTS_DIR; };
		D2D89F8F29A5763E00F14191 /* touristicPlacesTests.swift */ = {isa = PBXFileReference; lastKnownFileType = sourcecode.swift; path = touristicPlacesTests.swift; sourceTree = "<group>"; };
		D2D89F9529A5763E00F14191 /* TouristicPlacesUITests.xctest */ = {isa = PBXFileReference; explicitFileType = wrapper.cfbundle; includeInIndex = 0; path = TouristicPlacesUITests.xctest; sourceTree = BUILT_PRODUCTS_DIR; };
		D2D89F9929A5763E00F14191 /* touristicPlacesUITests.swift */ = {isa = PBXFileReference; lastKnownFileType = sourcecode.swift; path = touristicPlacesUITests.swift; sourceTree = "<group>"; };
		D2D89F9B29A5763E00F14191 /* touristicPlacesUITestsLaunchTests.swift */ = {isa = PBXFileReference; lastKnownFileType = sourcecode.swift; path = touristicPlacesUITestsLaunchTests.swift; sourceTree = "<group>"; };
/* End PBXFileReference section */

/* Begin PBXFrameworksBuildPhase section */
		D2D89F7829A5763B00F14191 /* Frameworks */ = {
			isa = PBXFrameworksBuildPhase;
			buildActionMask = 2147483647;
			files = (
			);
			runOnlyForDeploymentPostprocessing = 0;
		};
		D2D89F8829A5763E00F14191 /* Frameworks */ = {
			isa = PBXFrameworksBuildPhase;
			buildActionMask = 2147483647;
			files = (
			);
			runOnlyForDeploymentPostprocessing = 0;
		};
		D2D89F9229A5763E00F14191 /* Frameworks */ = {
			isa = PBXFrameworksBuildPhase;
			buildActionMask = 2147483647;
			files = (
			);
			runOnlyForDeploymentPostprocessing = 0;
		};
/* End PBXFrameworksBuildPhase section */

/* Begin PBXGroup section */
		D2046BFF29A7C87D000A587F /* Data */ = {
			isa = PBXGroup;
			children = (
				D2046C0029A7C8D0000A587F /* Location.swift */,
				D2046C0329A7C943000A587F /* Programmer.swift */,
			);
			path = Data;
			sourceTree = "<group>";
		};
		D2046C0229A7C8ED000A587F /* Views */ = {
			isa = PBXGroup;
			children = (
				D2D89F8029A5763B00F14191 /* ContentView.swift */,
				D2046BF929A7BCE4000A587F /* ImageView.swift */,
				D2046BFB29A7C038000A587F /* MapView.swift */,
				D2046BFD29A7C45E000A587F /* MainView.swift */,
				D2046C0529A7C975000A587F /* RowView.swift */,
				D2046C0729A7CE58000A587F /* ListView.swift */,
				D2046C0929A7E50B000A587F /* DetailView.swift */,
				D2046C0B29A7EC84000A587F /* NavView.swift */,
			);
			path = Views;
			sourceTree = "<group>";
		};
		D2D89F7229A5763B00F14191 = {
			isa = PBXGroup;
			children = (
				D2D89F7D29A5763B00F14191 /* touristicPlaces */,
				D2D89F8E29A5763E00F14191 /* touristicPlacesTests */,
				D2D89F9829A5763E00F14191 /* touristicPlacesUITests */,
				D2D89F7C29A5763B00F14191 /* Products */,
			);
			sourceTree = "<group>";
		};
		D2D89F7C29A5763B00F14191 /* Products */ = {
			isa = PBXGroup;
			children = (
				D2D89F7B29A5763B00F14191 /* TouristicPlaces.app */,
				D2D89F8B29A5763E00F14191 /* TouristicPlacesTests.xctest */,
				D2D89F9529A5763E00F14191 /* TouristicPlacesUITests.xctest */,
			);
			name = Products;
			sourceTree = "<group>";
		};
		D2D89F7D29A5763B00F14191 /* touristicPlaces */ = {
			isa = PBXGroup;
			children = (
				D2D89F7E29A5763B00F14191 /* touristicPlacesApp.swift */,
				D2046C0229A7C8ED000A587F /* Views */,
				D2046BFF29A7C87D000A587F /* Data */,
				D2D89F8229A5763E00F14191 /* Assets.xcassets */,
				D2D89F8429A5763E00F14191 /* Preview Content */,
			);
			path = touristicPlaces;
			sourceTree = "<group>";
		};
		D2D89F8429A5763E00F14191 /* Preview Content */ = {
			isa = PBXGroup;
			children = (
				D2D89F8529A5763E00F14191 /* Preview Assets.xcassets */,
			);
			path = "Preview Content";
			sourceTree = "<group>";
		};
		D2D89F8E29A5763E00F14191 /* touristicPlacesTests */ = {
			isa = PBXGroup;
			children = (
				D2D89F8F29A5763E00F14191 /* touristicPlacesTests.swift */,
			);
			path = touristicPlacesTests;
			sourceTree = "<group>";
		};
		D2D89F9829A5763E00F14191 /* touristicPlacesUITests */ = {
			isa = PBXGroup;
			children = (
				D2D89F9929A5763E00F14191 /* touristicPlacesUITests.swift */,
				D2D89F9B29A5763E00F14191 /* touristicPlacesUITestsLaunchTests.swift */,
			);
			path = touristicPlacesUITests;
			sourceTree = "<group>";
		};
/* End PBXGroup section */

/* Begin PBXNativeTarget section */
		D2D89F7A29A5763B00F14191 /* TouristicPlaces */ = {
			isa = PBXNativeTarget;
			buildConfigurationList = D2D89F9F29A5763E00F14191 /* Build configuration list for PBXNativeTarget "TouristicPlaces" */;
			buildPhases = (
				D2D89F7729A5763B00F14191 /* Sources */,
				D2D89F7829A5763B00F14191 /* Frameworks */,
				D2D89F7929A5763B00F14191 /* Resources */,
			);
			buildRules = (
			);
			dependencies = (
			);
			name = TouristicPlaces;
			productName = test;
			productReference = D2D89F7B29A5763B00F14191 /* TouristicPlaces.app */;
			productType = "com.apple.product-type.application";
		};
		D2D89F8A29A5763E00F14191 /* TouristicPlacesTests */ = {
			isa = PBXNativeTarget;
			buildConfigurationList = D2D89FA229A5763E00F14191 /* Build configuration list for PBXNativeTarget "TouristicPlacesTests" */;
			buildPhases = (
				D2D89F8729A5763E00F14191 /* Sources */,
				D2D89F8829A5763E00F14191 /* Frameworks */,
				D2D89F8929A5763E00F14191 /* Resources */,
			);
			buildRules = (
			);
			dependencies = (
				D2D89F8D29A5763E00F14191 /* PBXTargetDependency */,
			);
			name = TouristicPlacesTests;
			productName = testTests;
			productReference = D2D89F8B29A5763E00F14191 /* TouristicPlacesTests.xctest */;
			productType = "com.apple.product-type.bundle.unit-test";
		};
		D2D89F9429A5763E00F14191 /* TouristicPlacesUITests */ = {
			isa = PBXNativeTarget;
			buildConfigurationList = D2D89FA529A5763E00F14191 /* Build configuration list for PBXNativeTarget "TouristicPlacesUITests" */;
			buildPhases = (
				D2D89F9129A5763E00F14191 /* Sources */,
				D2D89F9229A5763E00F14191 /* Frameworks */,
				D2D89F9329A5763E00F14191 /* Resources */,
			);
			buildRules = (
			);
			dependencies = (
				D2D89F9729A5763E00F14191 /* PBXTargetDependency */,
			);
			name = TouristicPlacesUITests;
			productName = testUITests;
			productReference = D2D89F9529A5763E00F14191 /* TouristicPlacesUITests.xctest */;
			productType = "com.apple.product-type.bundle.ui-testing";
		};
/* End PBXNativeTarget section */

/* Begin PBXProject section */
		D2D89F7329A5763B00F14191 /* Project object */ = {
			isa = PBXProject;
			attributes = {
				BuildIndependentTargetsInParallel = 1;
				LastSwiftUpdateCheck = 1410;
				LastUpgradeCheck = 1410;
				TargetAttributes = {
					D2D89F7A29A5763B00F14191 = {
						CreatedOnToolsVersion = 14.1;
					};
					D2D89F8A29A5763E00F14191 = {
						CreatedOnToolsVersion = 14.1;
						TestTargetID = D2D89F7A29A5763B00F14191;
					};
					D2D89F9429A5763E00F14191 = {
						CreatedOnToolsVersion = 14.1;
						TestTargetID = D2D89F7A29A5763B00F14191;
					};
				};
			};
			buildConfigurationList = D2D89F7629A5763B00F14191 /* Build configuration list for PBXProject "TouristicPlaces" */;
			compatibilityVersion = "Xcode 14.0";
			developmentRegion = en;
			hasScannedForEncodings = 0;
			knownRegions = (
				en,
				Base,
			);
			mainGroup = D2D89F7229A5763B00F14191;
			productRefGroup = D2D89F7C29A5763B00F14191 /* Products */;
			projectDirPath = "";
			projectRoot = "";
			targets = (
				D2D89F7A29A5763B00F14191 /* TouristicPlaces */,
				D2D89F8A29A5763E00F14191 /* TouristicPlacesTests */,
				D2D89F9429A5763E00F14191 /* TouristicPlacesUITests */,
			);
		};
/* End PBXProject section */

/* Begin PBXResourcesBuildPhase section */
		D2D89F7929A5763B00F14191 /* Resources */ = {
			isa = PBXResourcesBuildPhase;
			buildActionMask = 2147483647;
			files = (
				D2D89F8629A5763E00F14191 /* Preview Assets.xcassets in Resources */,
				D2D89F8329A5763E00F14191 /* Assets.xcassets in Resources */,
			);
			runOnlyForDeploymentPostprocessing = 0;
		};
		D2D89F8929A5763E00F14191 /* Resources */ = {
			isa = PBXResourcesBuildPhase;
			buildActionMask = 2147483647;
			files = (
			);
			runOnlyForDeploymentPostprocessing = 0;
		};
		D2D89F9329A5763E00F14191 /* Resources */ = {
			isa = PBXResourcesBuildPhase;
			buildActionMask = 2147483647;
			files = (
			);
			runOnlyForDeploymentPostprocessing = 0;
		};
/* End PBXResourcesBuildPhase section */

/* Begin PBXSourcesBuildPhase section */
		D2D89F7729A5763B00F14191 /* Sources */ = {
			isa = PBXSourcesBuildPhase;
			buildActionMask = 2147483647;
			files = (
				D2D89F8129A5763B00F14191 /* ContentView.swift in Sources */,
				D2046BFC29A7C038000A587F /* MapView.swift in Sources */,
				D2D89F7F29A5763B00F14191 /* touristicPlacesApp.swift in Sources */,
				D2046C0A29A7E50B000A587F /* DetailView.swift in Sources */,
				D2046C0629A7C975000A587F /* RowView.swift in Sources */,
				D2046BFE29A7C45E000A587F /* MainView.swift in Sources */,
				D2046C0429A7C943000A587F /* Programmer.swift in Sources */,
				D2046C0C29A7EC84000A587F /* NavView.swift in Sources */,
				D2046C0129A7C8D1000A587F /* Location.swift in Sources */,
				D2046BFA29A7BCE4000A587F /* ImageView.swift in Sources */,
				D2046C0829A7CE58000A587F /* ListView.swift in Sources */,
			);
			runOnlyForDeploymentPostprocessing = 0;
		};
		D2D89F8729A5763E00F14191 /* Sources */ = {
			isa = PBXSourcesBuildPhase;
			buildActionMask = 2147483647;
			files = (
				D2D89F9029A5763E00F14191 /* touristicPlacesTests.swift in Sources */,
			);
			runOnlyForDeploymentPostprocessing = 0;
		};
		D2D89F9129A5763E00F14191 /* Sources */ = {
			isa = PBXSourcesBuildPhase;
			buildActionMask = 2147483647;
			files = (
				D2D89F9C29A5763E00F14191 /* touristicPlacesUITestsLaunchTests.swift in Sources */,
				D2D89F9A29A5763E00F14191 /* touristicPlacesUITests.swift in Sources */,
			);
			runOnlyForDeploymentPostprocessing = 0;
		};
/* End PBXSourcesBuildPhase section */

/* Begin PBXTargetDependency section */
		D2D89F8D29A5763E00F14191 /* PBXTargetDependency */ = {
			isa = PBXTargetDependency;
			target = D2D89F7A29A5763B00F14191 /* TouristicPlaces */;
			targetProxy = D2D89F8C29A5763E00F14191 /* PBXContainerItemProxy */;
		};
		D2D89F9729A5763E00F14191 /* PBXTargetDependency */ = {
			isa = PBXTargetDependency;
			target = D2D89F7A29A5763B00F14191 /* TouristicPlaces */;
			targetProxy = D2D89F9629A5763E00F14191 /* PBXContainerItemProxy */;
		};
/* End PBXTargetDependency section */

/* Begin XCBuildConfiguration section */
		D2D89F9D29A5763E00F14191 /* Debug */ = {
			isa = XCBuildConfiguration;
			buildSettings = {
				ALWAYS_SEARCH_USER_PATHS = NO;
				CLANG_ANALYZER_NONNULL = YES;
				CLANG_ANALYZER_NUMBER_OBJECT_CONVERSION = YES_AGGRESSIVE;
				CLANG_CXX_LANGUAGE_STANDARD = "gnu++20";
				CLANG_ENABLE_MODULES = YES;
				CLANG_ENABLE_OBJC_ARC = YES;
				CLANG_ENABLE_OBJC_WEAK = YES;
				CLANG_WARN_BLOCK_CAPTURE_AUTORELEASING = YES;
				CLANG_WARN_BOOL_CONVERSION = YES;
				CLANG_WARN_COMMA = YES;
				CLANG_WARN_CONSTANT_CONVERSION = YES;
				CLANG_WARN_DEPRECATED_OBJC_IMPLEMENTATIONS = YES;
				CLANG_WARN_DIRECT_OBJC_ISA_USAGE = YES_ERROR;
				CLANG_WARN_DOCUMENTATION_COMMENTS = YES;
				CLANG_WARN_EMPTY_BODY = YES;
				CLANG_WARN_ENUM_CONVERSION = YES;
				CLANG_WARN_INFINITE_RECURSION = YES;
				CLANG_WARN_INT_CONVERSION = YES;
				CLANG_WARN_NON_LITERAL_NULL_CONVERSION = YES;
				CLANG_WARN_OBJC_IMPLICIT_RETAIN_SELF = YES;
				CLANG_WARN_OBJC_LITERAL_CONVERSION = YES;
				CLANG_WARN_OBJC_ROOT_CLASS = YES_ERROR;
				CLANG_WARN_QUOTED_INCLUDE_IN_FRAMEWORK_HEADER = YES;
				CLANG_WARN_RANGE_LOOP_ANALYSIS = YES;
				CLANG_WARN_STRICT_PROTOTYPES = YES;
				CLANG_WARN_SUSPICIOUS_MOVE = YES;
				CLANG_WARN_UNGUARDED_AVAILABILITY = YES_AGGRESSIVE;
				CLANG_WARN_UNREACHABLE_CODE = YES;
				CLANG_WARN__DUPLICATE_METHOD_MATCH = YES;
				COPY_PHASE_STRIP = NO;
				DEBUG_INFORMATION_FORMAT = dwarf;
				ENABLE_STRICT_OBJC_MSGSEND = YES;
				ENABLE_TESTABILITY = YES;
				GCC_C_LANGUAGE_STANDARD = gnu11;
				GCC_DYNAMIC_NO_PIC = NO;
				GCC_NO_COMMON_BLOCKS = YES;
				GCC_OPTIMIZATION_LEVEL = 0;
				GCC_PREPROCESSOR_DEFINITIONS = (
					"DEBUG=1",
					"$(inherited)",
				);
				GCC_WARN_64_TO_32_BIT_CONVERSION = YES;
				GCC_WARN_ABOUT_RETURN_TYPE = YES_ERROR;
				GCC_WARN_UNDECLARED_SELECTOR = YES;
				GCC_WARN_UNINITIALIZED_AUTOS = YES_AGGRESSIVE;
				GCC_WARN_UNUSED_FUNCTION = YES;
				GCC_WARN_UNUSED_VARIABLE = YES;
				IPHONEOS_DEPLOYMENT_TARGET = 16.1;
				MTL_ENABLE_DEBUG_INFO = INCLUDE_SOURCE;
				MTL_FAST_MATH = YES;
				ONLY_ACTIVE_ARCH = YES;
				SDKROOT = iphoneos;
				SWIFT_ACTIVE_COMPILATION_CONDITIONS = DEBUG;
				SWIFT_OPTIMIZATION_LEVEL = "-Onone";
			};
			name = Debug;
		};
		D2D89F9E29A5763E00F14191 /* Release */ = {
			isa = XCBuildConfiguration;
			buildSettings = {
				ALWAYS_SEARCH_USER_PATHS = NO;
				CLANG_ANALYZER_NONNULL = YES;
				CLANG_ANALYZER_NUMBER_OBJECT_CONVERSION = YES_AGGRESSIVE;
				CLANG_CXX_LANGUAGE_STANDARD = "gnu++20";
				CLANG_ENABLE_MODULES = YES;
				CLANG_ENABLE_OBJC_ARC = YES;
				CLANG_ENABLE_OBJC_WEAK = YES;
				CLANG_WARN_BLOCK_CAPTURE_AUTORELEASING = YES;
				CLANG_WARN_BOOL_CONVERSION = YES;
				CLANG_WARN_COMMA = YES;
				CLANG_WARN_CONSTANT_CONVERSION = YES;
				CLANG_WARN_DEPRECATED_OBJC_IMPLEMENTATIONS = YES;
				CLANG_WARN_DIRECT_OBJC_ISA_USAGE = YES_ERROR;
				CLANG_WARN_DOCUMENTATION_COMMENTS = YES;
				CLANG_WARN_EMPTY_BODY = YES;
				CLANG_WARN_ENUM_CONVERSION = YES;
				CLANG_WARN_INFINITE_RECURSION = YES;
				CLANG_WARN_INT_CONVERSION = YES;
				CLANG_WARN_NON_LITERAL_NULL_CONVERSION = YES;
				CLANG_WARN_OBJC_IMPLICIT_RETAIN_SELF = YES;
				CLANG_WARN_OBJC_LITERAL_CONVERSION = YES;
				CLANG_WARN_OBJC_ROOT_CLASS = YES_ERROR;
				CLANG_WARN_QUOTED_INCLUDE_IN_FRAMEWORK_HEADER = YES;
				CLANG_WARN_RANGE_LOOP_ANALYSIS = YES;
				CLANG_WARN_STRICT_PROTOTYPES = YES;
				CLANG_WARN_SUSPICIOUS_MOVE = YES;
				CLANG_WARN_UNGUARDED_AVAILABILITY = YES_AGGRESSIVE;
				CLANG_WARN_UNREACHABLE_CODE = YES;
				CLANG_WARN__DUPLICATE_METHOD_MATCH = YES;
				COPY_PHASE_STRIP = NO;
				DEBUG_INFORMATION_FORMAT = "dwarf-with-dsym";
				ENABLE_NS_ASSERTIONS = NO;
				ENABLE_STRICT_OBJC_MSGSEND = YES;
				GCC_C_LANGUAGE_STANDARD = gnu11;
				GCC_NO_COMMON_BLOCKS = YES;
				GCC_WARN_64_TO_32_BIT_CONVERSION = YES;
				GCC_WARN_ABOUT_RETURN_TYPE = YES_ERROR;
				GCC_WARN_UNDECLARED_SELECTOR = YES;
				GCC_WARN_UNINITIALIZED_AUTOS = YES_AGGRESSIVE;
				GCC_WARN_UNUSED_FUNCTION = YES;
				GCC_WARN_UNUSED_VARIABLE = YES;
				IPHONEOS_DEPLOYMENT_TARGET = 16.1;
				MTL_ENABLE_DEBUG_INFO = NO;
				MTL_FAST_MATH = YES;
				SDKROOT = iphoneos;
				SWIFT_COMPILATION_MODE = wholemodule;
				SWIFT_OPTIMIZATION_LEVEL = "-O";
				VALIDATE_PRODUCT = YES;
			};
			name = Release;
		};
		D2D89FA029A5763E00F14191 /* Debug */ = {
			isa = XCBuildConfiguration;
			buildSettings = {
				ASSETCATALOG_COMPILER_APPICON_NAME = AppIcon;
				ASSETCATALOG_COMPILER_GLOBAL_ACCENT_COLOR_NAME = AccentColor;
				CODE_SIGN_STYLE = Automatic;
				CURRENT_PROJECT_VERSION = 1;
				DEVELOPMENT_ASSET_PATHS = "\"touristicPlaces/Preview Content\"";
				ENABLE_PREVIEWS = YES;
				GENERATE_INFOPLIST_FILE = YES;
				INFOPLIST_KEY_UIApplicationSceneManifest_Generation = YES;
				INFOPLIST_KEY_UIApplicationSupportsIndirectInputEvents = YES;
				INFOPLIST_KEY_UILaunchScreen_Generation = YES;
				INFOPLIST_KEY_UISupportedInterfaceOrientations_iPad = "UIInterfaceOrientationPortrait UIInterfaceOrientationPortraitUpsideDown UIInterfaceOrientationLandscapeLeft UIInterfaceOrientationLandscapeRight";
				INFOPLIST_KEY_UISupportedInterfaceOrientations_iPhone = "UIInterfaceOrientationPortrait UIInterfaceOrientationLandscapeLeft UIInterfaceOrientationLandscapeRight";
				LD_RUNPATH_SEARCH_PATHS = (
					"$(inherited)",
					"@executable_path/Frameworks",
				);
				MARKETING_VERSION = 1.0;
				PRODUCT_BUNDLE_IDENTIFIER = com.joaquinmorales.test;
				PRODUCT_NAME = "$(TARGET_NAME)";
				SWIFT_EMIT_LOC_STRINGS = YES;
				SWIFT_VERSION = 5.0;
				TARGETED_DEVICE_FAMILY = "1,2";
			};
			name = Debug;
		};
		D2D89FA129A5763E00F14191 /* Release */ = {
			isa = XCBuildConfiguration;
			buildSettings = {
				ASSETCATALOG_COMPILER_APPICON_NAME = AppIcon;
				ASSETCATALOG_COMPILER_GLOBAL_ACCENT_COLOR_NAME = AccentColor;
				CODE_SIGN_STYLE = Automatic;
				CURRENT_PROJECT_VERSION = 1;
				DEVELOPMENT_ASSET_PATHS = "\"touristicPlaces/Preview Content\"";
				ENABLE_PREVIEWS = YES;
				GENERATE_INFOPLIST_FILE = YES;
				INFOPLIST_KEY_UIApplicationSceneManifest_Generation = YES;
				INFOPLIST_KEY_UIApplicationSupportsIndirectInputEvents = YES;
				INFOPLIST_KEY_UILaunchScreen_Generation = YES;
				INFOPLIST_KEY_UISupportedInterfaceOrientations_iPad = "UIInterfaceOrientationPortrait UIInterfaceOrientationPortraitUpsideDown UIInterfaceOrientationLandscapeLeft UIInterfaceOrientationLandscapeRight";
				INFOPLIST_KEY_UISupportedInterfaceOrientations_iPhone = "UIInterfaceOrientationPortrait UIInterfaceOrientationLandscapeLeft UIInterfaceOrientationLandscapeRight";
				LD_RUNPATH_SEARCH_PATHS = (
					"$(inherited)",
					"@executable_path/Frameworks",
				);
				MARKETING_VERSION = 1.0;
				PRODUCT_BUNDLE_IDENTIFIER = com.joaquinmorales.test;
				PRODUCT_NAME = "$(TARGET_NAME)";
				SWIFT_EMIT_LOC_STRINGS = YES;
				SWIFT_VERSION = 5.0;
				TARGETED_DEVICE_FAMILY = "1,2";
			};
			name = Release;
		};
		D2D89FA329A5763E00F14191 /* Debug */ = {
			isa = XCBuildConfiguration;
			buildSettings = {
				ALWAYS_EMBED_SWIFT_STANDARD_LIBRARIES = YES;
				BUNDLE_LOADER = "$(TEST_HOST)";
				CODE_SIGN_STYLE = Automatic;
				CURRENT_PROJECT_VERSION = 1;
				GENERATE_INFOPLIST_FILE = YES;
				IPHONEOS_DEPLOYMENT_TARGET = 16.1;
				MARKETING_VERSION = 1.0;
				PRODUCT_BUNDLE_IDENTIFIER = com.joaquinmorales.testTests;
				PRODUCT_NAME = "$(TARGET_NAME)";
				SWIFT_EMIT_LOC_STRINGS = NO;
				SWIFT_VERSION = 5.0;
				TARGETED_DEVICE_FAMILY = "1,2";
				TEST_HOST = "$(BUILT_PRODUCTS_DIR)/TouristicPlaces.app/$(BUNDLE_EXECUTABLE_FOLDER_PATH)/TouristicPlaces";
			};
			name = Debug;
		};
		D2D89FA429A5763E00F14191 /* Release */ = {
			isa = XCBuildConfiguration;
			buildSettings = {
				ALWAYS_EMBED_SWIFT_STANDARD_LIBRARIES = YES;
				BUNDLE_LOADER = "$(TEST_HOST)";
				CODE_SIGN_STYLE = Automatic;
				CURRENT_PROJECT_VERSION = 1;
				GENERATE_INFOPLIST_FILE = YES;
				IPHONEOS_DEPLOYMENT_TARGET = 16.1;
				MARKETING_VERSION = 1.0;
				PRODUCT_BUNDLE_IDENTIFIER = com.joaquinmorales.testTests;
				PRODUCT_NAME = "$(TARGET_NAME)";
				SWIFT_EMIT_LOC_STRINGS = NO;
				SWIFT_VERSION = 5.0;
				TARGETED_DEVICE_FAMILY = "1,2";
				TEST_HOST = "$(BUILT_PRODUCTS_DIR)/TouristicPlaces.app/$(BUNDLE_EXECUTABLE_FOLDER_PATH)/TouristicPlaces";
			};
			name = Release;
		};
		D2D89FA629A5763E00F14191 /* Debug */ = {
			isa = XCBuildConfiguration;
			buildSettings = {
				ALWAYS_EMBED_SWIFT_STANDARD_LIBRARIES = YES;
				CODE_SIGN_STYLE = Automatic;
				CURRENT_PROJECT_VERSION = 1;
				GENERATE_INFOPLIST_FILE = YES;
				MARKETING_VERSION = 1.0;
				PRODUCT_BUNDLE_IDENTIFIER = com.joaquinmorales.testUITests;
				PRODUCT_NAME = "$(TARGET_NAME)";
				SWIFT_EMIT_LOC_STRINGS = NO;
				SWIFT_VERSION = 5.0;
				TARGETED_DEVICE_FAMILY = "1,2";
				TEST_TARGET_NAME = test;
			};
			name = Debug;
		};
		D2D89FA729A5763E00F14191 /* Release */ = {
			isa = XCBuildConfiguration;
			buildSettings = {
				ALWAYS_EMBED_SWIFT_STANDARD_LIBRARIES = YES;
				CODE_SIGN_STYLE = Automatic;
				CURRENT_PROJECT_VERSION = 1;
				GENERATE_INFOPLIST_FILE = YES;
				MARKETING_VERSION = 1.0;
				PRODUCT_BUNDLE_IDENTIFIER = com.joaquinmorales.testUITests;
				PRODUCT_NAME = "$(TARGET_NAME)";
				SWIFT_EMIT_LOC_STRINGS = NO;
				SWIFT_VERSION = 5.0;
				TARGETED_DEVICE_FAMILY = "1,2";
				TEST_TARGET_NAME = test;
			};
			name = Release;
		};
/* End XCBuildConfiguration section */

/* Begin XCConfigurationList section */
		D2D89F7629A5763B00F14191 /* Build configuration list for PBXProject "TouristicPlaces" */ = {
			isa = XCConfigurationList;
			buildConfigurations = (
				D2D89F9D29A5763E00F14191 /* Debug */,
				D2D89F9E29A5763E00F14191 /* Release */,
			);
			defaultConfigurationIsVisible = 0;
			defaultConfigurationName = Release;
		};
		D2D89F9F29A5763E00F14191 /* Build configuration list for PBXNativeTarget "TouristicPlaces" */ = {
			isa = XCConfigurationList;
			buildConfigurations = (
				D2D89FA029A5763E00F14191 /* Debug */,
				D2D89FA129A5763E00F14191 /* Release */,
			);
			defaultConfigurationIsVisible = 0;
			defaultConfigurationName = Release;
		};
		D2D89FA229A5763E00F14191 /* Build configuration list for PBXNativeTarget "TouristicPlacesTests" */ = {
			isa = XCConfigurationList;
			buildConfigurations = (
				D2D89FA329A5763E00F14191 /* Debug */,
				D2D89FA429A5763E00F14191 /* Release */,
			);
			defaultConfigurationIsVisible = 0;
			defaultConfigurationName = Release;
		};
		D2D89FA529A5763E00F14191 /* Build configuration list for PBXNativeTarget "TouristicPlacesUITests" */ = {
			isa = XCConfigurationList;
			buildConfigurations = (
				D2D89FA629A5763E00F14191 /* Debug */,
				D2D89FA729A5763E00F14191 /* Release */,
			);
			defaultConfigurationIsVisible = 0;
			defaultConfigurationName = Release;
		};
/* End XCConfigurationList section */
	};
	rootObject = D2D89F7329A5763B00F14191 /* Project object */;
}
